PODS:
  - Down (0.11.0)
  - iosMath (1.1.2)
  - RichTextView (3.3.0):
    - Down
    - iosMath
    - SnapKit
    - SwiftRichString
  - SnapKit (5.6.0)
  - SwiftLint (0.49.1)
  - SwiftRichString (3.7.2)

DEPENDENCIES:
  - iosMath (from `https://github.com/tophatmonocle/iosMath.git`)
  - RichTextView (from `../`)
  - SwiftLint

SPEC REPOS:
  trunk:
    - Down
    - SnapKit
    - SwiftLint
    - SwiftRichString

EXTERNAL SOURCES:
  iosMath:
    :git: https://github.com/tophatmonocle/iosMath.git
  RichTextView:
    :path: "../"

CHECKOUT OPTIONS:
  iosMath:
    :commit: 8c65dab2295100c02d9d844f6dc5646ab9d57b42
    :git: https://github.com/tophatmonocle/iosMath.git

SPEC CHECKSUMS:
  Down: b6ba1bc985c9d2f4e15e3b293d2207766fa12612
  iosMath: 41245241caf8ce3e537d61a1631e5cddbc614d1e
  RichTextView: b77c2eeeda52a30652c5cf9aa23715d5f54a9e4a
  SnapKit: e01d52ebb8ddbc333eefe2132acf85c8227d9c25
  SwiftLint: 32ee33ded0636d0905ef6911b2b67bbaeeedafa5
  SwiftRichString: d61b807db1f8834c26fee92b6dd3e1be2dc5af03

PODFILE CHECKSUM: a8027d7639fd9f97ecad8405a39ff981811dd6b2

COCOAPODS: 1.11.3
