PODS:
  - Down (0.11.0)
  - iosMath (1.1.2)
  - iOSSnapshotTestCase (8.0.0):
    - iOSSnapshotTestCase/SwiftSupport (= 8.0.0)
  - iOSSnapshotTestCase/Core (8.0.0)
  - iOSSnapshotTestCase/SwiftSupport (8.0.0):
    - iOSSnapshotTestCase/Core
  - Nimble (10.0.0)
  - Nimble-Snapshots (9.4.0):
    - Nimble-Snapshots/Core (= 9.4.0)
  - Nimble-Snapshots/Core (9.4.0):
    - iOSSnapshotTestCase (~> 8.0)
    - Nimble
  - Quick (5.0.1)
  - SnapKit (5.6.0)
  - SwiftLint (0.49.1)
  - SwiftRichString (3.7.2)

DEPENDENCIES:
  - Down
  - iosMath (from `https://github.com/tophatmonocle/iosMath.git`)
  - Nimble
  - Nimble-Snapshots
  - Quick
  - SnapKit
  - SwiftLint
  - SwiftRichString (from `https://github.com/tophatmonocle/SwiftRichString.git`)

SPEC REPOS:
  trunk:
    - Down
    - iOSSnapshotTestCase
    - Nimble
    - Nimble-Snapshots
    - Quick
    - SnapKit
    - SwiftLint

EXTERNAL SOURCES:
  iosMath:
    :git: https://github.com/tophatmonocle/iosMath.git
  SwiftRichString:
    :git: https://github.com/tophatmonocle/SwiftRichString.git

CHECKOUT OPTIONS:
  iosMath:
    :commit: 8c65dab2295100c02d9d844f6dc5646ab9d57b42
    :git: https://github.com/tophatmonocle/iosMath.git
  SwiftRichString:
    :commit: fa126095c626354e1c4ffdf75bc7ad54aedd6b67
    :git: https://github.com/tophatmonocle/SwiftRichString.git

SPEC CHECKSUMS:
  Down: b6ba1bc985c9d2f4e15e3b293d2207766fa12612
  iosMath: 41245241caf8ce3e537d61a1631e5cddbc614d1e
  iOSSnapshotTestCase: a670511f9ee3829c2b9c23e6e68f315fd7b6790f
  Nimble: 5316ef81a170ce87baf72dd961f22f89a602ff84
  Nimble-Snapshots: ef281b908c604f78c8313587e25ea92c8ab513d7
  Quick: 749aa754fd1e7d984f2000fe051e18a3a9809179
  SnapKit: e01d52ebb8ddbc333eefe2132acf85c8227d9c25
  SwiftLint: 32ee33ded0636d0905ef6911b2b67bbaeeedafa5
  SwiftRichString: d61b807db1f8834c26fee92b6dd3e1be2dc5af03

PODFILE CHECKSUM: ecc4996936f36f5e9a7ebeadfeac1dec9b7ffc17

COCOAPODS: 1.11.3
